<?xml version="1.0" encoding="utf-8"?>
<Project ToolsVersion="4.0" xmlns="http://schemas.microsoft.com/developer/msbuild/2003">
  <ItemGroup>
    <ClCompile Include="Entity.cpp" />
    <ClCompile Include="EntityManager.cpp" />
    <ClCompile Include="ImGui\imgui-SFML.cpp" />
    <ClCompile Include="ImGui\imgui.cpp" />
    <ClCompile Include="ImGui\imgui_demo.cpp" />
    <ClCompile Include="ImGui\imgui_draw.cpp" />
    <ClCompile Include="ImGui\imgui_tables.cpp" />
    <ClCompile Include="ImGui\imgui_widgets.cpp" />
    <ClCompile Include="src\core\Game.cpp" />
    <ClCompile Include="src\core\Map.cpp" />
    <ClCompile Include="Player.cpp" />
    <ClCompile Include="src\main.cpp" />
    <ClCompile Include="src\uis\UI_Manager.cpp" />
    <ClCompile Include="src\uis\widgets\UI_Element.cpp" />
    <ClCompile Include="src\uis\widgets\UI_Text.cpp" />
    <ClCompile Include="src\uis\widgets\UI_TextButton.cpp" />
    <ClCompile Include="src\uis\widgets\Ui_Texture.cpp" />
    <ClCompile Include="TextureManager.cpp" />
  </ItemGroup>
  <ItemGroup>
    <ClInclude Include="src\core\Game.h" />
    <ClInclude Include="src\core\Map.h" />
    <ClInclude Include="src\uis\UI_Manager.h" />
    <ClInclude Include="src\uis\widgets\UI_Element.h" />
    <ClInclude Include="src\uis\widgets\UI_Text.h" />
    <ClInclude Include="src\uis\widgets\UI_TextButton.h" />
    <ClInclude Include="src\uis\widgets\UI_Texture.h" />
    <ClInclude Include="Entity.h" />
    <ClInclude Include="EntityManager.h" />
    <ClInclude Include="Player.h" />
    <ClInclude Include="TextureManager.h" />
  </ItemGroup>
  <ItemGroup>
    <None Include="imgui.ini" />
  </ItemGroup>
  <ItemGroup>
    <Text Include="assets\levels\Map.txt" />
  </ItemGroup>
</Project>